
Microsoft Visual Studio Solution File, Format Version 12.00
# Visual Studio Version 17
VisualStudioVersion = 17.0.31903.59
MinimumVisualStudioVersion = 10.0.40219.1
Project("{2150E333-8FDC-42A3-9474-1A3956D46DE8}") = "src", "src", "{827E0CD3-B72D-47B6-A68D-7590B98EB39B}"
EndProject
Project("{FAE04EC0-301F-11D3-BF4B-00C04F79EFBC}") = "PhotoAI.Core", "src\PhotoAI.Core\PhotoAI.Core.csproj", "{A64B126E-1995-47FC-A7D3-88EAB7D8A0DC}"
EndProject
Project("{FAE04EC0-301F-11D3-BF4B-00C04F79EFBC}") = "PhotoAI.Application", "src\PhotoAI.Application\PhotoAI.Application.csproj", "{EE08042D-6181-4196-BA5F-59E1A0A8E4BA}"
EndProject
Project("{FAE04EC0-301F-11D3-BF4B-00C04F79EFBC}") = "PhotoAI.Infrastructure", "src\PhotoAI.Infrastructure\PhotoAI.Infrastructure.csproj", "{98F13DF2-3D17-498E-9DCA-232CBAFC3F7D}"
EndProject
Project("{FAE04EC0-301F-11D3-BF4B-00C04F79EFBC}") = "PhotoAI.Media", "src\PhotoAI.Media\PhotoAI.Media.csproj", "{E1A7E836-6715-4794-AA59-D12388AE6B09}"
EndProject
Project("{FAE04EC0-301F-11D3-BF4B-00C04F79EFBC}") = "PhotoAI.Search", "src\PhotoAI.Search\PhotoAI.Search.csproj", "{0A5909DD-D4D2-4385-B583-13D1EB52EE80}"
EndProject
Project("{FAE04EC0-301F-11D3-BF4B-00C04F79EFBC}") = "PhotoAI.Indexing", "src\PhotoAI.Indexing\PhotoAI.Indexing.csproj", "{A19A8930-42D2-47B3-980A-EFA0C09F387A}"
EndProject
Project("{FAE04EC0-301F-11D3-BF4B-00C04F79EFBC}") = "PhotoAI.Storage", "src\PhotoAI.Storage\PhotoAI.Storage.csproj", "{A800FC37-94A5-48B6-8E2A-EF9C4F6B01BA}"
EndProject
Project("{FAE04EC0-301F-11D3-BF4B-00C04F79EFBC}") = "PhotoAI.App", "src\PhotoAI.App\PhotoAI.App.csproj", "{443766C8-1255-4F42-8984-3C6CD8FCDB77}"
EndProject
Project("{2150E333-8FDC-42A3-9474-1A3956D46DE8}") = "tests", "tests", "{0AB3BF05-4346-4AA6-1389-037BE0695223}"
EndProject
Project("{FAE04EC0-301F-11D3-BF4B-00C04F79EFBC}") = "PhotoAI.Core.Tests", "tests\PhotoAI.Core.Tests\PhotoAI.Core.Tests.csproj", "{0409F429-4961-4C0D-A857-AB5E5D5F75EC}"
EndProject
Project("{FAE04EC0-301F-11D3-BF4B-00C04F79EFBC}") = "PhotoAI.Application.Tests", "tests\PhotoAI.Application.Tests\PhotoAI.Application.Tests.csproj", "{5EF91573-3E6F-4999-890A-D1C18957FBC4}"
EndProject
Project("{FAE04EC0-301F-11D3-BF4B-00C04F79EFBC}") = "PhotoAI.Infrastructure.Tests", "tests\PhotoAI.Infrastructure.Tests\PhotoAI.Infrastructure.Tests.csproj", "{7671FFA1-7796-4B77-9A2E-A683F330AC5C}"
EndProject
Project("{FAE04EC0-301F-11D3-BF4B-00C04F79EFBC}") = "PhotoAI.Indexing.Tests", "tests\PhotoAI.Indexing.Tests\PhotoAI.Indexing.Tests.csproj", "{17FD8AA0-BD72-454A-95D3-2CADD118B172}"
EndProject
Project("{FAE04EC0-301F-11D3-BF4B-00C04F79EFBC}") = "PhotoAI.AI", "src\PhotoAI.AI\PhotoAI.AI.csproj", "{A8955152-F081-45A6-AE86-27327D3E61D1}"
EndProject
Project("{FAE04EC0-301F-11D3-BF4B-00C04F79EFBC}") = "PhotoAI.AI.Vision", "src\PhotoAI.AI.Vision\PhotoAI.AI.Vision.csproj", "{883F8D5B-8A4A-4710-9575-7CE24FDE7D99}"
EndProject
Project("{FAE04EC0-301F-11D3-BF4B-00C04F79EFBC}") = "PhotoAI.AI.Face", "src\PhotoAI.AI.Face\PhotoAI.AI.Face.csproj", "{A801ED1D-2487-47ED-8671-506A9F7DE07D}"
EndProject
Project("{FAE04EC0-301F-11D3-BF4B-00C04F79EFBC}") = "PhotoAI.AI.OCR", "src\PhotoAI.AI.OCR\PhotoAI.AI.OCR.csproj", "{7C9D4DCD-E987-4EA3-B3EC-A44CE29D3F1A}"
EndProject
Project("{FAE04EC0-301F-11D3-BF4B-00C04F79EFBC}") = "PhotoAI.Vector", "src\PhotoAI.Vector\PhotoAI.Vector.csproj", "{BD2284AB-CB98-4BE9-85A9-0E33B70C1EA0}"
EndProject
Global
	GlobalSection(SolutionConfigurationPlatforms) = preSolution
		Debug|Any CPU = Debug|Any CPU
		Debug|x64 = Debug|x64
		Debug|x86 = Debug|x86
		Release|Any CPU = Release|Any CPU
		Release|x64 = Release|x64
		Release|x86 = Release|x86
	EndGlobalSection
	GlobalSection(ProjectConfigurationPlatforms) = postSolution
		{A64B126E-1995-47FC-A7D3-88EAB7D8A0DC}.Debug|Any CPU.ActiveCfg = Debug|Any CPU
		{A64B126E-1995-47FC-A7D3-88EAB7D8A0DC}.Debug|Any CPU.Build.0 = Debug|Any CPU
		{A64B126E-1995-47FC-A7D3-88EAB7D8A0DC}.Debug|x64.ActiveCfg = Debug|Any CPU
		{A64B126E-1995-47FC-A7D3-88EAB7D8A0DC}.Debug|x64.Build.0 = Debug|Any CPU
		{A64B126E-1995-47FC-A7D3-88EAB7D8A0DC}.Debug|x86.ActiveCfg = Debug|Any CPU
		{A64B126E-1995-47FC-A7D3-88EAB7D8A0DC}.Debug|x86.Build.0 = Debug|Any CPU
		{A64B126E-1995-47FC-A7D3-88EAB7D8A0DC}.Release|Any CPU.ActiveCfg = Release|Any CPU
		{A64B126E-1995-47FC-A7D3-88EAB7D8A0DC}.Release|Any CPU.Build.0 = Release|Any CPU
		{A64B126E-1995-47FC-A7D3-88EAB7D8A0DC}.Release|x64.ActiveCfg = Release|Any CPU
		{A64B126E-1995-47FC-A7D3-88EAB7D8A0DC}.Release|x64.Build.0 = Release|Any CPU
		{A64B126E-1995-47FC-A7D3-88EAB7D8A0DC}.Release|x86.ActiveCfg = Release|Any CPU
		{A64B126E-1995-47FC-A7D3-88EAB7D8A0DC}.Release|x86.Build.0 = Release|Any CPU
		{EE08042D-6181-4196-BA5F-59E1A0A8E4BA}.Debug|Any CPU.ActiveCfg = Debug|Any CPU
		{EE08042D-6181-4196-BA5F-59E1A0A8E4BA}.Debug|Any CPU.Build.0 = Debug|Any CPU
		{EE08042D-6181-4196-BA5F-59E1A0A8E4BA}.Debug|x64.ActiveCfg = Debug|Any CPU
		{EE08042D-6181-4196-BA5F-59E1A0A8E4BA}.Debug|x64.Build.0 = Debug|Any CPU
		{EE08042D-6181-4196-BA5F-59E1A0A8E4BA}.Debug|x86.ActiveCfg = Debug|Any CPU
		{EE08042D-6181-4196-BA5F-59E1A0A8E4BA}.Debug|x86.Build.0 = Debug|Any CPU
		{EE08042D-6181-4196-BA5F-59E1A0A8E4BA}.Release|Any CPU.ActiveCfg = Release|Any CPU
		{EE08042D-6181-4196-BA5F-59E1A0A8E4BA}.Release|Any CPU.Build.0 = Release|Any CPU
		{EE08042D-6181-4196-BA5F-59E1A0A8E4BA}.Release|x64.ActiveCfg = Release|Any CPU
		{EE08042D-6181-4196-BA5F-59E1A0A8E4BA}.Release|x64.Build.0 = Release|Any CPU
		{EE08042D-6181-4196-BA5F-59E1A0A8E4BA}.Release|x86.ActiveCfg = Release|Any CPU
		{EE08042D-6181-4196-BA5F-59E1A0A8E4BA}.Release|x86.Build.0 = Release|Any CPU
		{98F13DF2-3D17-498E-9DCA-232CBAFC3F7D}.Debug|Any CPU.ActiveCfg = Debug|Any CPU
		{98F13DF2-3D17-498E-9DCA-232CBAFC3F7D}.Debug|Any CPU.Build.0 = Debug|Any CPU
		{98F13DF2-3D17-498E-9DCA-232CBAFC3F7D}.Debug|x64.ActiveCfg = Debug|Any CPU
		{98F13DF2-3D17-498E-9DCA-232CBAFC3F7D}.Debug|x64.Build.0 = Debug|Any CPU
		{98F13DF2-3D17-498E-9DCA-232CBAFC3F7D}.Debug|x86.ActiveCfg = Debug|Any CPU
		{98F13DF2-3D17-498E-9DCA-232CBAFC3F7D}.Debug|x86.Build.0 = Debug|Any CPU
		{98F13DF2-3D17-498E-9DCA-232CBAFC3F7D}.Release|Any CPU.ActiveCfg = Release|Any CPU
		{98F13DF2-3D17-498E-9DCA-232CBAFC3F7D}.Release|Any CPU.Build.0 = Release|Any CPU
		{98F13DF2-3D17-498E-9DCA-232CBAFC3F7D}.Release|x64.ActiveCfg = Release|Any CPU
		{98F13DF2-3D17-498E-9DCA-232CBAFC3F7D}.Release|x64.Build.0 = Release|Any CPU
		{98F13DF2-3D17-498E-9DCA-232CBAFC3F7D}.Release|x86.ActiveCfg = Release|Any CPU
		{98F13DF2-3D17-498E-9DCA-232CBAFC3F7D}.Release|x86.Build.0 = Release|Any CPU
		{E1A7E836-6715-4794-AA59-D12388AE6B09}.Debug|Any CPU.ActiveCfg = Debug|Any CPU
		{E1A7E836-6715-4794-AA59-D12388AE6B09}.Debug|Any CPU.Build.0 = Debug|Any CPU
		{E1A7E836-6715-4794-AA59-D12388AE6B09}.Debug|x64.ActiveCfg = Debug|Any CPU
		{E1A7E836-6715-4794-AA59-D12388AE6B09}.Debug|x64.Build.0 = Debug|Any CPU
		{E1A7E836-6715-4794-AA59-D12388AE6B09}.Debug|x86.ActiveCfg = Debug|Any CPU
		{E1A7E836-6715-4794-AA59-D12388AE6B09}.Debug|x86.Build.0 = Debug|Any CPU
		{E1A7E836-6715-4794-AA59-D12388AE6B09}.Release|Any CPU.ActiveCfg = Release|Any CPU
		{E1A7E836-6715-4794-AA59-D12388AE6B09}.Release|Any CPU.Build.0 = Release|Any CPU
		{E1A7E836-6715-4794-AA59-D12388AE6B09}.Release|x64.ActiveCfg = Release|Any CPU
		{E1A7E836-6715-4794-AA59-D12388AE6B09}.Release|x64.Build.0 = Release|Any CPU
		{E1A7E836-6715-4794-AA59-D12388AE6B09}.Release|x86.ActiveCfg = Release|Any CPU
		{E1A7E836-6715-4794-AA59-D12388AE6B09}.Release|x86.Build.0 = Release|Any CPU
		{0A5909DD-D4D2-4385-B583-13D1EB52EE80}.Debug|Any CPU.ActiveCfg = Debug|Any CPU
		{0A5909DD-D4D2-4385-B583-13D1EB52EE80}.Debug|Any CPU.Build.0 = Debug|Any CPU
		{0A5909DD-D4D2-4385-B583-13D1EB52EE80}.Debug|x64.ActiveCfg = Debug|Any CPU
		{0A5909DD-D4D2-4385-B583-13D1EB52EE80}.Debug|x64.Build.0 = Debug|Any CPU
		{0A5909DD-D4D2-4385-B583-13D1EB52EE80}.Debug|x86.ActiveCfg = Debug|Any CPU
		{0A5909DD-D4D2-4385-B583-13D1EB52EE80}.Debug|x86.Build.0 = Debug|Any CPU
		{0A5909DD-D4D2-4385-B583-13D1EB52EE80}.Release|Any CPU.ActiveCfg = Release|Any CPU
		{0A5909DD-D4D2-4385-B583-13D1EB52EE80}.Release|Any CPU.Build.0 = Release|Any CPU
		{0A5909DD-D4D2-4385-B583-13D1EB52EE80}.Release|x64.ActiveCfg = Release|Any CPU
		{0A5909DD-D4D2-4385-B583-13D1EB52EE80}.Release|x64.Build.0 = Release|Any CPU
		{0A5909DD-D4D2-4385-B583-13D1EB52EE80}.Release|x86.ActiveCfg = Release|Any CPU
		{0A5909DD-D4D2-4385-B583-13D1EB52EE80}.Release|x86.Build.0 = Release|Any CPU
		{A19A8930-42D2-47B3-980A-EFA0C09F387A}.Debug|Any CPU.ActiveCfg = Debug|Any CPU
		{A19A8930-42D2-47B3-980A-EFA0C09F387A}.Debug|Any CPU.Build.0 = Debug|Any CPU
		{A19A8930-42D2-47B3-980A-EFA0C09F387A}.Debug|x64.ActiveCfg = Debug|Any CPU
		{A19A8930-42D2-47B3-980A-EFA0C09F387A}.Debug|x64.Build.0 = Debug|Any CPU
		{A19A8930-42D2-47B3-980A-EFA0C09F387A}.Debug|x86.ActiveCfg = Debug|Any CPU
		{A19A8930-42D2-47B3-980A-EFA0C09F387A}.Debug|x86.Build.0 = Debug|Any CPU
		{A19A8930-42D2-47B3-980A-EFA0C09F387A}.Release|Any CPU.ActiveCfg = Release|Any CPU
		{A19A8930-42D2-47B3-980A-EFA0C09F387A}.Release|Any CPU.Build.0 = Release|Any CPU
		{A19A8930-42D2-47B3-980A-EFA0C09F387A}.Release|x64.ActiveCfg = Release|Any CPU
		{A19A8930-42D2-47B3-980A-EFA0C09F387A}.Release|x64.Build.0 = Release|Any CPU
		{A19A8930-42D2-47B3-980A-EFA0C09F387A}.Release|x86.ActiveCfg = Release|Any CPU
		{A19A8930-42D2-47B3-980A-EFA0C09F387A}.Release|x86.Build.0 = Release|Any CPU
		{A800FC37-94A5-48B6-8E2A-EF9C4F6B01BA}.Debug|Any CPU.ActiveCfg = Debug|Any CPU
		{A800FC37-94A5-48B6-8E2A-EF9C4F6B01BA}.Debug|Any CPU.Build.0 = Debug|Any CPU
		{A800FC37-94A5-48B6-8E2A-EF9C4F6B01BA}.Debug|x64.ActiveCfg = Debug|Any CPU
		{A800FC37-94A5-48B6-8E2A-EF9C4F6B01BA}.Debug|x64.Build.0 = Debug|Any CPU
		{A800FC37-94A5-48B6-8E2A-EF9C4F6B01BA}.Debug|x86.ActiveCfg = Debug|Any CPU
		{A800FC37-94A5-48B6-8E2A-EF9C4F6B01BA}.Debug|x86.Build.0 = Debug|Any CPU
		{A800FC37-94A5-48B6-8E2A-EF9C4F6B01BA}.Release|Any CPU.ActiveCfg = Release|Any CPU
		{A800FC37-94A5-48B6-8E2A-EF9C4F6B01BA}.Release|Any CPU.Build.0 = Release|Any CPU
		{A800FC37-94A5-48B6-8E2A-EF9C4F6B01BA}.Release|x64.ActiveCfg = Release|Any CPU
		{A800FC37-94A5-48B6-8E2A-EF9C4F6B01BA}.Release|x64.Build.0 = Release|Any CPU
		{A800FC37-94A5-48B6-8E2A-EF9C4F6B01BA}.Release|x86.ActiveCfg = Release|Any CPU
		{A800FC37-94A5-48B6-8E2A-EF9C4F6B01BA}.Release|x86.Build.0 = Release|Any CPU
		{443766C8-1255-4F42-8984-3C6CD8FCDB77}.Debug|Any CPU.ActiveCfg = Debug|Any CPU
		{443766C8-1255-4F42-8984-3C6CD8FCDB77}.Debug|Any CPU.Build.0 = Debug|Any CPU
		{443766C8-1255-4F42-8984-3C6CD8FCDB77}.Debug|x64.ActiveCfg = Debug|Any CPU
		{443766C8-1255-4F42-8984-3C6CD8FCDB77}.Debug|x64.Build.0 = Debug|Any CPU
		{443766C8-1255-4F42-8984-3C6CD8FCDB77}.Debug|x86.ActiveCfg = Debug|Any CPU
		{443766C8-1255-4F42-8984-3C6CD8FCDB77}.Debug|x86.Build.0 = Debug|Any CPU
		{443766C8-1255-4F42-8984-3C6CD8FCDB77}.Release|Any CPU.ActiveCfg = Release|Any CPU
		{443766C8-1255-4F42-8984-3C6CD8FCDB77}.Release|Any CPU.Build.0 = Release|Any CPU
		{443766C8-1255-4F42-8984-3C6CD8FCDB77}.Release|x64.ActiveCfg = Release|Any CPU
		{443766C8-1255-4F42-8984-3C6CD8FCDB77}.Release|x64.Build.0 = Release|Any CPU
		{443766C8-1255-4F42-8984-3C6CD8FCDB77}.Release|x86.ActiveCfg = Release|Any CPU
		{443766C8-1255-4F42-8984-3C6CD8FCDB77}.Release|x86.Build.0 = Release|Any CPU
		{0409F429-4961-4C0D-A857-AB5E5D5F75EC}.Debug|Any CPU.ActiveCfg = Debug|Any CPU
		{0409F429-4961-4C0D-A857-AB5E5D5F75EC}.Debug|Any CPU.Build.0 = Debug|Any CPU
		{0409F429-4961-4C0D-A857-AB5E5D5F75EC}.Debug|x64.ActiveCfg = Debug|Any CPU
		{0409F429-4961-4C0D-A857-AB5E5D5F75EC}.Debug|x64.Build.0 = Debug|Any CPU
		{0409F429-4961-4C0D-A857-AB5E5D5F75EC}.Debug|x86.ActiveCfg = Debug|Any CPU
		{0409F429-4961-4C0D-A857-AB5E5D5F75EC}.Debug|x86.Build.0 = Debug|Any CPU
		{0409F429-4961-4C0D-A857-AB5E5D5F75EC}.Release|Any CPU.ActiveCfg = Release|Any CPU
		{0409F429-4961-4C0D-A857-AB5E5D5F75EC}.Release|Any CPU.Build.0 = Release|Any CPU
		{0409F429-4961-4C0D-A857-AB5E5D5F75EC}.Release|x64.ActiveCfg = Release|Any CPU
		{0409F429-4961-4C0D-A857-AB5E5D5F75EC}.Release|x64.Build.0 = Release|Any CPU
		{0409F429-4961-4C0D-A857-AB5E5D5F75EC}.Release|x86.ActiveCfg = Release|Any CPU
		{0409F429-4961-4C0D-A857-AB5E5D5F75EC}.Release|x86.Build.0 = Release|Any CPU
		{5EF91573-3E6F-4999-890A-D1C18957FBC4}.Debug|Any CPU.ActiveCfg = Debug|Any CPU
		{5EF91573-3E6F-4999-890A-D1C18957FBC4}.Debug|Any CPU.Build.0 = Debug|Any CPU
		{5EF91573-3E6F-4999-890A-D1C18957FBC4}.Debug|x64.ActiveCfg = Debug|Any CPU
		{5EF91573-3E6F-4999-890A-D1C18957FBC4}.Debug|x64.Build.0 = Debug|Any CPU
		{5EF91573-3E6F-4999-890A-D1C18957FBC4}.Debug|x86.ActiveCfg = Debug|Any CPU
		{5EF91573-3E6F-4999-890A-D1C18957FBC4}.Debug|x86.Build.0 = Debug|Any CPU
		{5EF91573-3E6F-4999-890A-D1C18957FBC4}.Release|Any CPU.ActiveCfg = Release|Any CPU
		{5EF91573-3E6F-4999-890A-D1C18957FBC4}.Release|Any CPU.Build.0 = Release|Any CPU
		{5EF91573-3E6F-4999-890A-D1C18957FBC4}.Release|x64.ActiveCfg = Release|Any CPU
		{5EF91573-3E6F-4999-890A-D1C18957FBC4}.Release|x64.Build.0 = Release|Any CPU
		{5EF91573-3E6F-4999-890A-D1C18957FBC4}.Release|x86.ActiveCfg = Release|Any CPU
		{5EF91573-3E6F-4999-890A-D1C18957FBC4}.Release|x86.Build.0 = Release|Any CPU
		{7671FFA1-7796-4B77-9A2E-A683F330AC5C}.Debug|Any CPU.ActiveCfg = Debug|Any CPU
		{7671FFA1-7796-4B77-9A2E-A683F330AC5C}.Debug|Any CPU.Build.0 = Debug|Any CPU
		{7671FFA1-7796-4B77-9A2E-A683F330AC5C}.Debug|x64.ActiveCfg = Debug|Any CPU
		{7671FFA1-7796-4B77-9A2E-A683F330AC5C}.Debug|x64.Build.0 = Debug|Any CPU
		{7671FFA1-7796-4B77-9A2E-A683F330AC5C}.Debug|x86.ActiveCfg = Debug|Any CPU
		{7671FFA1-7796-4B77-9A2E-A683F330AC5C}.Debug|x86.Build.0 = Debug|Any CPU
		{7671FFA1-7796-4B77-9A2E-A683F330AC5C}.Release|Any CPU.ActiveCfg = Release|Any CPU
		{7671FFA1-7796-4B77-9A2E-A683F330AC5C}.Release|Any CPU.Build.0 = Release|Any CPU
		{7671FFA1-7796-4B77-9A2E-A683F330AC5C}.Release|x64.ActiveCfg = Release|Any CPU
		{7671FFA1-7796-4B77-9A2E-A683F330AC5C}.Release|x64.Build.0 = Release|Any CPU
		{7671FFA1-7796-4B77-9A2E-A683F330AC5C}.Release|x86.ActiveCfg = Release|Any CPU
		{7671FFA1-7796-4B77-9A2E-A683F330AC5C}.Release|x86.Build.0 = Release|Any CPU
		{17FD8AA0-BD72-454A-95D3-2CADD118B172}.Debug|Any CPU.ActiveCfg = Debug|Any CPU
		{17FD8AA0-BD72-454A-95D3-2CADD118B172}.Debug|Any CPU.Build.0 = Debug|Any CPU
		{17FD8AA0-BD72-454A-95D3-2CADD118B172}.Debug|x64.ActiveCfg = Debug|Any CPU
		{17FD8AA0-BD72-454A-95D3-2CADD118B172}.Debug|x64.Build.0 = Debug|Any CPU
		{17FD8AA0-BD72-454A-95D3-2CADD118B172}.Debug|x86.ActiveCfg = Debug|Any CPU
		{17FD8AA0-BD72-454A-95D3-2CADD118B172}.Debug|x86.Build.0 = Debug|Any CPU
		{17FD8AA0-BD72-454A-95D3-2CADD118B172}.Release|Any CPU.ActiveCfg = Release|Any CPU
		{17FD8AA0-BD72-454A-95D3-2CADD118B172}.Release|Any CPU.Build.0 = Release|Any CPU
		{17FD8AA0-BD72-454A-95D3-2CADD118B172}.Release|x64.ActiveCfg = Release|Any CPU
		{17FD8AA0-BD72-454A-95D3-2CADD118B172}.Release|x64.Build.0 = Release|Any CPU
		{17FD8AA0-BD72-454A-95D3-2CADD118B172}.Release|x86.ActiveCfg = Release|Any CPU
		{17FD8AA0-BD72-454A-95D3-2CADD118B172}.Release|x86.Build.0 = Release|Any CPU
		{A8955152-F081-45A6-AE86-27327D3E61D1}.Debug|Any CPU.ActiveCfg = Debug|Any CPU
		{A8955152-F081-45A6-AE86-27327D3E61D1}.Debug|Any CPU.Build.0 = Debug|Any CPU
		{A8955152-F081-45A6-AE86-27327D3E61D1}.Debug|x64.ActiveCfg = Debug|Any CPU
		{A8955152-F081-45A6-AE86-27327D3E61D1}.Debug|x64.Build.0 = Debug|Any CPU
		{A8955152-F081-45A6-AE86-27327D3E61D1}.Debug|x86.ActiveCfg = Debug|Any CPU
		{A8955152-F081-45A6-AE86-27327D3E61D1}.Debug|x86.Build.0 = Debug|Any CPU
		{A8955152-F081-45A6-AE86-27327D3E61D1}.Release|Any CPU.ActiveCfg = Release|Any CPU
		{A8955152-F081-45A6-AE86-27327D3E61D1}.Release|Any CPU.Build.0 = Release|Any CPU
		{A8955152-F081-45A6-AE86-27327D3E61D1}.Release|x64.ActiveCfg = Release|Any CPU
		{A8955152-F081-45A6-AE86-27327D3E61D1}.Release|x64.Build.0 = Release|Any CPU
		{A8955152-F081-45A6-AE86-27327D3E61D1}.Release|x86.ActiveCfg = Release|Any CPU
		{A8955152-F081-45A6-AE86-27327D3E61D1}.Release|x86.Build.0 = Release|Any CPU
		{883F8D5B-8A4A-4710-9575-7CE24FDE7D99}.Debug|Any CPU.ActiveCfg = Debug|Any CPU
		{883F8D5B-8A4A-4710-9575-7CE24FDE7D99}.Debug|Any CPU.Build.0 = Debug|Any CPU
		{883F8D5B-8A4A-4710-9575-7CE24FDE7D99}.Debug|x64.ActiveCfg = Debug|Any CPU
		{883F8D5B-8A4A-4710-9575-7CE24FDE7D99}.Debug|x64.Build.0 = Debug|Any CPU
		{883F8D5B-8A4A-4710-9575-7CE24FDE7D99}.Debug|x86.ActiveCfg = Debug|Any CPU
		{883F8D5B-8A4A-4710-9575-7CE24FDE7D99}.Debug|x86.Build.0 = Debug|Any CPU
		{883F8D5B-8A4A-4710-9575-7CE24FDE7D99}.Release|Any CPU.ActiveCfg = Release|Any CPU
		{883F8D5B-8A4A-4710-9575-7CE24FDE7D99}.Release|Any CPU.Build.0 = Release|Any CPU
		{883F8D5B-8A4A-4710-9575-7CE24FDE7D99}.Release|x64.ActiveCfg = Release|Any CPU
		{883F8D5B-8A4A-4710-9575-7CE24FDE7D99}.Release|x64.Build.0 = Release|Any CPU
		{883F8D5B-8A4A-4710-9575-7CE24FDE7D99}.Release|x86.ActiveCfg = Release|Any CPU
		{883F8D5B-8A4A-4710-9575-7CE24FDE7D99}.Release|x86.Build.0 = Release|Any CPU
		{A801ED1D-2487-47ED-8671-506A9F7DE07D}.Debug|Any CPU.ActiveCfg = Debug|Any CPU
		{A801ED1D-2487-47ED-8671-506A9F7DE07D}.Debug|Any CPU.Build.0 = Debug|Any CPU
		{A801ED1D-2487-47ED-8671-506A9F7DE07D}.Debug|x64.ActiveCfg = Debug|Any CPU
		{A801ED1D-2487-47ED-8671-506A9F7DE07D}.Debug|x64.Build.0 = Debug|Any CPU
		{A801ED1D-2487-47ED-8671-506A9F7DE07D}.Debug|x86.ActiveCfg = Debug|Any CPU
		{A801ED1D-2487-47ED-8671-506A9F7DE07D}.Debug|x86.Build.0 = Debug|Any CPU
		{A801ED1D-2487-47ED-8671-506A9F7DE07D}.Release|Any CPU.ActiveCfg = Release|Any CPU
		{A801ED1D-2487-47ED-8671-506A9F7DE07D}.Release|Any CPU.Build.0 = Release|Any CPU
		{A801ED1D-2487-47ED-8671-506A9F7DE07D}.Release|x64.ActiveCfg = Release|Any CPU
		{A801ED1D-2487-47ED-8671-506A9F7DE07D}.Release|x64.Build.0 = Release|Any CPU
		{A801ED1D-2487-47ED-8671-506A9F7DE07D}.Release|x86.ActiveCfg = Release|Any CPU
		{A801ED1D-2487-47ED-8671-506A9F7DE07D}.Release|x86.Build.0 = Release|Any CPU
		{7C9D4DCD-E987-4EA3-B3EC-A44CE29D3F1A}.Debug|Any CPU.ActiveCfg = Debug|Any CPU
		{7C9D4DCD-E987-4EA3-B3EC-A44CE29D3F1A}.Debug|Any CPU.Build.0 = Debug|Any CPU
		{7C9D4DCD-E987-4EA3-B3EC-A44CE29D3F1A}.Debug|x64.ActiveCfg = Debug|Any CPU
		{7C9D4DCD-E987-4EA3-B3EC-A44CE29D3F1A}.Debug|x64.Build.0 = Debug|Any CPU
		{7C9D4DCD-E987-4EA3-B3EC-A44CE29D3F1A}.Debug|x86.ActiveCfg = Debug|Any CPU
		{7C9D4DCD-E987-4EA3-B3EC-A44CE29D3F1A}.Debug|x86.Build.0 = Debug|Any CPU
		{7C9D4DCD-E987-4EA3-B3EC-A44CE29D3F1A}.Release|Any CPU.ActiveCfg = Release|Any CPU
		{7C9D4DCD-E987-4EA3-B3EC-A44CE29D3F1A}.Release|Any CPU.Build.0 = Release|Any CPU
		{7C9D4DCD-E987-4EA3-B3EC-A44CE29D3F1A}.Release|x64.ActiveCfg = Release|Any CPU
		{7C9D4DCD-E987-4EA3-B3EC-A44CE29D3F1A}.Release|x64.Build.0 = Release|Any CPU
		{7C9D4DCD-E987-4EA3-B3EC-A44CE29D3F1A}.Release|x86.ActiveCfg = Release|Any CPU
		{7C9D4DCD-E987-4EA3-B3EC-A44CE29D3F1A}.Release|x86.Build.0 = Release|Any CPU
		{BD2284AB-CB98-4BE9-85A9-0E33B70C1EA0}.Debug|Any CPU.ActiveCfg = Debug|Any CPU
		{BD2284AB-CB98-4BE9-85A9-0E33B70C1EA0}.Debug|Any CPU.Build.0 = Debug|Any CPU
		{BD2284AB-CB98-4BE9-85A9-0E33B70C1EA0}.Debug|x64.ActiveCfg = Debug|Any CPU
		{BD2284AB-CB98-4BE9-85A9-0E33B70C1EA0}.Debug|x64.Build.0 = Debug|Any CPU
		{BD2284AB-CB98-4BE9-85A9-0E33B70C1EA0}.Debug|x86.ActiveCfg = Debug|Any CPU
		{BD2284AB-CB98-4BE9-85A9-0E33B70C1EA0}.Debug|x86.Build.0 = Debug|Any CPU
		{BD2284AB-CB98-4BE9-85A9-0E33B70C1EA0}.Release|Any CPU.ActiveCfg = Release|Any CPU
		{BD2284AB-CB98-4BE9-85A9-0E33B70C1EA0}.Release|Any CPU.Build.0 = Release|Any CPU
		{BD2284AB-CB98-4BE9-85A9-0E33B70C1EA0}.Release|x64.ActiveCfg = Release|Any CPU
		{BD2284AB-CB98-4BE9-85A9-0E33B70C1EA0}.Release|x64.Build.0 = Release|Any CPU
		{BD2284AB-CB98-4BE9-85A9-0E33B70C1EA0}.Release|x86.ActiveCfg = Release|Any CPU
		{BD2284AB-CB98-4BE9-85A9-0E33B70C1EA0}.Release|x86.Build.0 = Release|Any CPU
	EndGlobalSection
	GlobalSection(SolutionProperties) = preSolution
		HideSolutionNode = FALSE
	EndGlobalSection
	GlobalSection(NestedProjects) = preSolution
		{A64B126E-1995-47FC-A7D3-88EAB7D8A0DC} = {827E0CD3-B72D-47B6-A68D-7590B98EB39B}
		{EE08042D-6181-4196-BA5F-59E1A0A8E4BA} = {827E0CD3-B72D-47B6-A68D-7590B98EB39B}
		{98F13DF2-3D17-498E-9DCA-232CBAFC3F7D} = {827E0CD3-B72D-47B6-A68D-7590B98EB39B}
		{E1A7E836-6715-4794-AA59-D12388AE6B09} = {827E0CD3-B72D-47B6-A68D-7590B98EB39B}
		{0A5909DD-D4D2-4385-B583-13D1EB52EE80} = {827E0CD3-B72D-47B6-A68D-7590B98EB39B}
		{A19A8930-42D2-47B3-980A-EFA0C09F387A} = {827E0CD3-B72D-47B6-A68D-7590B98EB39B}
		{A800FC37-94A5-48B6-8E2A-EF9C4F6B01BA} = {827E0CD3-B72D-47B6-A68D-7590B98EB39B}
		{443766C8-1255-4F42-8984-3C6CD8FCDB77} = {827E0CD3-B72D-47B6-A68D-7590B98EB39B}
		{0409F429-4961-4C0D-A857-AB5E5D5F75EC} = {0AB3BF05-4346-4AA6-1389-037BE0695223}
		{5EF91573-3E6F-4999-890A-D1C18957FBC4} = {0AB3BF05-4346-4AA6-1389-037BE0695223}
		{7671FFA1-7796-4B77-9A2E-A683F330AC5C} = {0AB3BF05-4346-4AA6-1389-037BE0695223}
		{17FD8AA0-BD72-454A-95D3-2CADD118B172} = {0AB3BF05-4346-4AA6-1389-037BE0695223}
		{A8955152-F081-45A6-AE86-27327D3E61D1} = {827E0CD3-B72D-47B6-A68D-7590B98EB39B}
		{883F8D5B-8A4A-4710-9575-7CE24FDE7D99} = {827E0CD3-B72D-47B6-A68D-7590B98EB39B}
		{A801ED1D-2487-47ED-8671-506A9F7DE07D} = {827E0CD3-B72D-47B6-A68D-7590B98EB39B}
		{7C9D4DCD-E987-4EA3-B3EC-A44CE29D3F1A} = {827E0CD3-B72D-47B6-A68D-7590B98EB39B}
		{BD2284AB-CB98-4BE9-85A9-0E33B70C1EA0} = {827E0CD3-B72D-47B6-A68D-7590B98EB39B}
	EndGlobalSection
EndGlobal
